{
    "version": 3,
    "terraform_version": "0.11.3",
    "serial": 3,
    "lineage": "6531d31d-f44b-4bf7-b847-4e4e465db37e",
    "modules": [
        {
            "path": [
                "root"
            ],
            "outputs": {},
            "resources": {
                "digitalocean_droplet.master": {
                    "type": "digitalocean_droplet",
                    "depends_on": [],
                    "primary": {
                        "id": "81308374",
                        "attributes": {
                            "disk": "20",
                            "id": "81308374",
                            "image": "centos-7-x64",
                            "ipv4_address": "174.138.8.98",
                            "locked": "false",
                            "name": "master1",
                            "price_hourly": "0.00744",
                            "price_monthly": "5",
                            "region": "ams3",
                            "resize_disk": "true",
                            "size": "512mb",
                            "status": "active",
                            "tags.#": "0",
                            "vcpus": "1"
                        },
                        "meta": {},
                        "tainted": false
                    },
                    "deposed": [],
                    "provider": "provider.digitalocean"
                }
            },
            "depends_on": []
        }
    ]
}
